
Microsoft Visual Studio Solution File, Format Version 12.00
# Visual Studio 15
VisualStudioVersion = 15.0.28307.757
MinimumVisualStudioVersion = 10.0.40219.1
Project("{2150E333-8FDC-42A3-9474-1A3956D46DE8}") = "Microservices", "Microservices", "{816BAE2E-70A6-4A3D-B3C8-03F416F39898}"
EndProject
Project("{2150E333-8FDC-42A3-9474-1A3956D46DE8}") = "Domain", "Domain", "{BFB02B3B-F1F1-4E58-A832-A1306ADB2BC8}"
EndProject
Project("{2150E333-8FDC-42A3-9474-1A3956D46DE8}") = "Infra.Bus", "Infra.Bus", "{FCCF5D72-8953-46CB-A3D2-29949B3BB9FD}"
EndProject
Project("{2150E333-8FDC-42A3-9474-1A3956D46DE8}") = "Infra.IoC", "Infra.IoC", "{2B5A417E-6BE3-4764-BA31-B6D6103BC90E}"
EndProject
Project("{2150E333-8FDC-42A3-9474-1A3956D46DE8}") = "Presentation", "Presentation", "{FDA78B52-C831-404D-8A95-600EBBE3A24E}"
EndProject
Project("{9A19103F-16F7-4668-BE54-9A1E7A4F7556}") = "MicroRabbit.Domain.Core", "MicroRabbit.Domain.Core\MicroRabbit.Domain.Core.csproj", "{0D135EE5-418F-4831-BA2E-1B7458E88F09}"
EndProject
Project("{9A19103F-16F7-4668-BE54-9A1E7A4F7556}") = "MicroRabbit.Infra.Bus", "MicroRabbit.Infra.Bus\MicroRabbit.Infra.Bus.csproj", "{188A8232-3246-4F98-89D8-733F27F4CA4D}"
EndProject
Project("{FAE04EC0-301F-11D3-BF4B-00C04F79EFBC}") = "MicroRabbit.Infra.loC", "MicroRabbit.Infra.loC\MicroRabbit.Infra.loC.csproj", "{FA3A9DF8-CF28-4B47-B160-1BB0337503FD}"
EndProject
Project("{2150E333-8FDC-42A3-9474-1A3956D46DE8}") = "Banking", "Banking", "{0AC9F234-2DF8-4C0A-BA34-021FC59117BD}"
EndProject
Project("{2150E333-8FDC-42A3-9474-1A3956D46DE8}") = "Api", "Api", "{3E1A0EFA-1715-4235-A0A3-45452E55D6E4}"
EndProject
Project("{2150E333-8FDC-42A3-9474-1A3956D46DE8}") = "Application", "Application", "{9CFA4F2E-1744-461B-96DF-EF1A33476DE3}"
EndProject
Project("{2150E333-8FDC-42A3-9474-1A3956D46DE8}") = "Domain", "Domain", "{8A42C6CC-5E8A-46DC-8E39-540D3E51F51A}"
EndProject
Project("{2150E333-8FDC-42A3-9474-1A3956D46DE8}") = "Data", "Data", "{3E581A3E-69B4-4B70-AD7B-36E8D38A5AD2}"
EndProject
Project("{FAE04EC0-301F-11D3-BF4B-00C04F79EFBC}") = "MicroRabbit.Banking.Api", "MicroRabbit.Banking.Api\MicroRabbit.Banking.Api.csproj", "{2AE4ACD3-5C1C-4BF5-9545-78850E221530}"
EndProject
Project("{FAE04EC0-301F-11D3-BF4B-00C04F79EFBC}") = "MIcroRabbit.Banking.Application", "MIcroRabbit.Banking.Application\MIcroRabbit.Banking.Application.csproj", "{2C235C8B-3205-4119-AC29-66F22B8C217B}"
EndProject
Project("{FAE04EC0-301F-11D3-BF4B-00C04F79EFBC}") = "MicroRabbit.Banking.Data", "MicroRabbit.Banking,Data\MicroRabbit.Banking.Data.csproj", "{6783D0C2-91FD-48B8-8E20-6C519EE83A47}"
EndProject
Project("{FAE04EC0-301F-11D3-BF4B-00C04F79EFBC}") = "MicroRabbit.Banking.Domain", "MicroRabbit.Banking.Domain\MicroRabbit.Banking.Domain.csproj", "{47F0CBC6-0AD1-4771-B367-F5249F7EAA07}"
EndProject
Global
	GlobalSection(SolutionConfigurationPlatforms) = preSolution
		Debug|Any CPU = Debug|Any CPU
		Release|Any CPU = Release|Any CPU
	EndGlobalSection
	GlobalSection(ProjectConfigurationPlatforms) = postSolution
		{0D135EE5-418F-4831-BA2E-1B7458E88F09}.Debug|Any CPU.ActiveCfg = Debug|Any CPU
		{0D135EE5-418F-4831-BA2E-1B7458E88F09}.Debug|Any CPU.Build.0 = Debug|Any CPU
		{0D135EE5-418F-4831-BA2E-1B7458E88F09}.Release|Any CPU.ActiveCfg = Release|Any CPU
		{0D135EE5-418F-4831-BA2E-1B7458E88F09}.Release|Any CPU.Build.0 = Release|Any CPU
		{188A8232-3246-4F98-89D8-733F27F4CA4D}.Debug|Any CPU.ActiveCfg = Debug|Any CPU
		{188A8232-3246-4F98-89D8-733F27F4CA4D}.Debug|Any CPU.Build.0 = Debug|Any CPU
		{188A8232-3246-4F98-89D8-733F27F4CA4D}.Release|Any CPU.ActiveCfg = Release|Any CPU
		{188A8232-3246-4F98-89D8-733F27F4CA4D}.Release|Any CPU.Build.0 = Release|Any CPU
		{FA3A9DF8-CF28-4B47-B160-1BB0337503FD}.Debug|Any CPU.ActiveCfg = Debug|Any CPU
		{FA3A9DF8-CF28-4B47-B160-1BB0337503FD}.Debug|Any CPU.Build.0 = Debug|Any CPU
		{FA3A9DF8-CF28-4B47-B160-1BB0337503FD}.Release|Any CPU.ActiveCfg = Release|Any CPU
		{FA3A9DF8-CF28-4B47-B160-1BB0337503FD}.Release|Any CPU.Build.0 = Release|Any CPU
		{2AE4ACD3-5C1C-4BF5-9545-78850E221530}.Debug|Any CPU.ActiveCfg = Debug|Any CPU
		{2AE4ACD3-5C1C-4BF5-9545-78850E221530}.Debug|Any CPU.Build.0 = Debug|Any CPU
		{2AE4ACD3-5C1C-4BF5-9545-78850E221530}.Release|Any CPU.ActiveCfg = Release|Any CPU
		{2AE4ACD3-5C1C-4BF5-9545-78850E221530}.Release|Any CPU.Build.0 = Release|Any CPU
		{2C235C8B-3205-4119-AC29-66F22B8C217B}.Debug|Any CPU.ActiveCfg = Debug|Any CPU
		{2C235C8B-3205-4119-AC29-66F22B8C217B}.Debug|Any CPU.Build.0 = Debug|Any CPU
		{2C235C8B-3205-4119-AC29-66F22B8C217B}.Release|Any CPU.ActiveCfg = Release|Any CPU
		{2C235C8B-3205-4119-AC29-66F22B8C217B}.Release|Any CPU.Build.0 = Release|Any CPU
		{6783D0C2-91FD-48B8-8E20-6C519EE83A47}.Debug|Any CPU.ActiveCfg = Debug|Any CPU
		{6783D0C2-91FD-48B8-8E20-6C519EE83A47}.Debug|Any CPU.Build.0 = Debug|Any CPU
		{6783D0C2-91FD-48B8-8E20-6C519EE83A47}.Release|Any CPU.ActiveCfg = Release|Any CPU
		{6783D0C2-91FD-48B8-8E20-6C519EE83A47}.Release|Any CPU.Build.0 = Release|Any CPU
		{47F0CBC6-0AD1-4771-B367-F5249F7EAA07}.Debug|Any CPU.ActiveCfg = Debug|Any CPU
		{47F0CBC6-0AD1-4771-B367-F5249F7EAA07}.Debug|Any CPU.Build.0 = Debug|Any CPU
		{47F0CBC6-0AD1-4771-B367-F5249F7EAA07}.Release|Any CPU.ActiveCfg = Release|Any CPU
		{47F0CBC6-0AD1-4771-B367-F5249F7EAA07}.Release|Any CPU.Build.0 = Release|Any CPU
	EndGlobalSection
	GlobalSection(SolutionProperties) = preSolution
		HideSolutionNode = FALSE
	EndGlobalSection
	GlobalSection(NestedProjects) = preSolution
		{0D135EE5-418F-4831-BA2E-1B7458E88F09} = {BFB02B3B-F1F1-4E58-A832-A1306ADB2BC8}
		{188A8232-3246-4F98-89D8-733F27F4CA4D} = {FCCF5D72-8953-46CB-A3D2-29949B3BB9FD}
		{FA3A9DF8-CF28-4B47-B160-1BB0337503FD} = {2B5A417E-6BE3-4764-BA31-B6D6103BC90E}
		{0AC9F234-2DF8-4C0A-BA34-021FC59117BD} = {816BAE2E-70A6-4A3D-B3C8-03F416F39898}
		{3E1A0EFA-1715-4235-A0A3-45452E55D6E4} = {0AC9F234-2DF8-4C0A-BA34-021FC59117BD}
		{9CFA4F2E-1744-461B-96DF-EF1A33476DE3} = {0AC9F234-2DF8-4C0A-BA34-021FC59117BD}
		{8A42C6CC-5E8A-46DC-8E39-540D3E51F51A} = {0AC9F234-2DF8-4C0A-BA34-021FC59117BD}
		{3E581A3E-69B4-4B70-AD7B-36E8D38A5AD2} = {0AC9F234-2DF8-4C0A-BA34-021FC59117BD}
		{2AE4ACD3-5C1C-4BF5-9545-78850E221530} = {3E1A0EFA-1715-4235-A0A3-45452E55D6E4}
		{2C235C8B-3205-4119-AC29-66F22B8C217B} = {9CFA4F2E-1744-461B-96DF-EF1A33476DE3}
		{6783D0C2-91FD-48B8-8E20-6C519EE83A47} = {3E581A3E-69B4-4B70-AD7B-36E8D38A5AD2}
		{47F0CBC6-0AD1-4771-B367-F5249F7EAA07} = {8A42C6CC-5E8A-46DC-8E39-540D3E51F51A}
	EndGlobalSection
	GlobalSection(ExtensibilityGlobals) = postSolution
		SolutionGuid = {5A68AAA7-BF14-4018-9B03-8CC0CB8DFF9C}
	EndGlobalSection
EndGlobal
